
Microsoft Visual Studio Solution File, Format Version 12.00
# Visual Studio 14
VisualStudioVersion = 14.0.25123.0
MinimumVisualStudioVersion = 10.0.40219.1
Project("{FAE04EC0-301F-11D3-BF4B-00C04F79EFBC}") = "AgileMapper", "AgileMapper\AgileMapper.csproj", "{4E101600-EBEF-4E1F-9EC3-D6070F7417DD}"
EndProject
Project("{FAE04EC0-301F-11D3-BF4B-00C04F79EFBC}") = "AgileMapper.UnitTests", "AgileMapper.UnitTests\AgileMapper.UnitTests.csproj", "{A3F2D405-8C0B-4033-9EC5-1B64007593FB}"
EndProject
Global
	GlobalSection(SolutionConfigurationPlatforms) = preSolution
		Debug|Any CPU = Debug|Any CPU
		Release|Any CPU = Release|Any CPU
	EndGlobalSection
	GlobalSection(ProjectConfigurationPlatforms) = postSolution
		{4E101600-EBEF-4E1F-9EC3-D6070F7417DD}.Debug|Any CPU.ActiveCfg = Debug|Any CPU
		{4E101600-EBEF-4E1F-9EC3-D6070F7417DD}.Debug|Any CPU.Build.0 = Debug|Any CPU
		{4E101600-EBEF-4E1F-9EC3-D6070F7417DD}.Release|Any CPU.ActiveCfg = Release|Any CPU
		{4E101600-EBEF-4E1F-9EC3-D6070F7417DD}.Release|Any CPU.Build.0 = Release|Any CPU
		{A3F2D405-8C0B-4033-9EC5-1B64007593FB}.Debug|Any CPU.ActiveCfg = Debug|Any CPU
		{A3F2D405-8C0B-4033-9EC5-1B64007593FB}.Debug|Any CPU.Build.0 = Debug|Any CPU
		{A3F2D405-8C0B-4033-9EC5-1B64007593FB}.Release|Any CPU.ActiveCfg = Release|Any CPU
		{A3F2D405-8C0B-4033-9EC5-1B64007593FB}.Release|Any CPU.Build.0 = Release|Any CPU
	EndGlobalSection
	GlobalSection(SolutionProperties) = preSolution
		HideSolutionNode = FALSE
	EndGlobalSection
EndGlobal
