
Microsoft Visual Studio Solution File, Format Version 12.00
# Visual Studio 14
VisualStudioVersion = 14.0.25420.1
MinimumVisualStudioVersion = 10.0.40219.1
Project("{FAE04EC0-301F-11D3-BF4B-00C04F79EFBC}") = "AgileMapper.PerformanceTester", "AgileMapper.PerformanceTester\AgileMapper.PerformanceTester.csproj", "{2B8A4535-7E5C-4DB6-BB86-06AEB4F3DE81}"
EndProject
Project("{2150E333-8FDC-42A3-9474-1A3956D46DE8}") = "Solution Items", "Solution Items", "{05AB6D17-6066-41D5-8E79-31C342DFC2DC}"
	ProjectSection(SolutionItems) = preProject
		LICENCE.md = LICENCE.md
	EndProjectSection
EndProject
Global
	GlobalSection(SolutionConfigurationPlatforms) = preSolution
		Debug|Any CPU = Debug|Any CPU
		Release|Any CPU = Release|Any CPU
	EndGlobalSection
	GlobalSection(ProjectConfigurationPlatforms) = postSolution
		{2B8A4535-7E5C-4DB6-BB86-06AEB4F3DE81}.Debug|Any CPU.ActiveCfg = Debug|Any CPU
		{2B8A4535-7E5C-4DB6-BB86-06AEB4F3DE81}.Debug|Any CPU.Build.0 = Debug|Any CPU
		{2B8A4535-7E5C-4DB6-BB86-06AEB4F3DE81}.Release|Any CPU.ActiveCfg = Release|Any CPU
		{2B8A4535-7E5C-4DB6-BB86-06AEB4F3DE81}.Release|Any CPU.Build.0 = Release|Any CPU
	EndGlobalSection
	GlobalSection(SolutionProperties) = preSolution
		HideSolutionNode = FALSE
	EndGlobalSection
EndGlobal
